
Microsoft Visual Studio Solution File, Format Version 12.00
# Visual Studio Version 17
VisualStudioVersion = 17.5.33502.453
MinimumVisualStudioVersion = 10.0.40219.1
Project("{FAE04EC0-301F-11D3-BF4B-00C04F79EFBC}") = "UKGoodMorning", "UKGoodMorning.csproj", "{16F3C2A8-5611-45A0-AB7C-0A3A0B26ADC1}"
EndProject
Global
	GlobalSection(SolutionConfigurationPlatforms) = preSolution
		Debug|Any CPU = Debug|Any CPU
		Release|Any CPU = Release|Any CPU
	EndGlobalSection
	GlobalSection(ProjectConfigurationPlatforms) = postSolution
		{16F3C2A8-5611-45A0-AB7C-0A3A0B26ADC1}.Debug|Any CPU.ActiveCfg = Debug|Any CPU
		{16F3C2A8-5611-45A0-AB7C-0A3A0B26ADC1}.Debug|Any CPU.Build.0 = Debug|Any CPU
		{16F3C2A8-5611-45A0-AB7C-0A3A0B26ADC1}.Release|Any CPU.ActiveCfg = Release|Any CPU
		{16F3C2A8-5611-45A0-AB7C-0A3A0B26ADC1}.Release|Any CPU.Build.0 = Release|Any CPU
	EndGlobalSection
	GlobalSection(SolutionProperties) = preSolution
		HideSolutionNode = FALSE
	EndGlobalSection
	GlobalSection(ExtensibilityGlobals) = postSolution
		SolutionGuid = {03C89B0C-FB2C-4950-BAD4-1B48E82377CE}
	EndGlobalSection
EndGlobal
